<Solution>
  <Folder Name="/External/">
    <Project Path="API/API.csproj" Id="6d7c94d9-71f1-4e57-9135-045671c374ad" />
  </Folder>
  <Folder Name="/Internal/">
    <Project Path="Business/Business.csproj" />
  </Folder>
  <Folder Name="/Internal/DataAccess/">
    <Project Path="DataAccess.Domain/DataAccess.ORM.Setup.csproj" />
    <Project Path="DataAccess.EF/DataAccess.EF.csproj" />
    <Project Path="DataAccess/DataAccess.Abstractions.csproj" />
  </Folder>
  <Folder Name="/Testing/" />
  <Project Path="Common/Common.csproj" Id="50f5ceb1-f5b1-4bcd-8f92-cf430ba01182" />
</Solution>
