<Solution>
  <Folder Name="/DataAccess/">
    <Project Path="DataAccessService/DataAccessService.csproj" />
    <Project Path="Models/Models.csproj" />
    <Project Path="Repositories/Repositories.csproj" />
  </Folder>
  <Folder Name="/Testing/" />
  <Project Path="Public/Public.csproj" />
  <Project Path="Services/Service.csproj" />
</Solution>
